
Microsoft Visual Studio Solution File, Format Version 12.00
Project("{FAE04EC0-301F-11D3-BF4B-00C04F79EFBC}") = "AudicaCustomServer", "AudicaCustomServer\AudicaCustomServer.csproj", "{A2BE66DB-0A91-44BD-B416-684D92D2BD67}"
EndProject
Global
	GlobalSection(SolutionConfigurationPlatforms) = preSolution
		Debug|Any CPU = Debug|Any CPU
		Release|Any CPU = Release|Any CPU
	EndGlobalSection
	GlobalSection(ProjectConfigurationPlatforms) = postSolution
		{A2BE66DB-0A91-44BD-B416-684D92D2BD67}.Debug|Any CPU.ActiveCfg = Debug|Any CPU
		{A2BE66DB-0A91-44BD-B416-684D92D2BD67}.Debug|Any CPU.Build.0 = Debug|Any CPU
		{A2BE66DB-0A91-44BD-B416-684D92D2BD67}.Release|Any CPU.ActiveCfg = Release|Any CPU
		{A2BE66DB-0A91-44BD-B416-684D92D2BD67}.Release|Any CPU.Build.0 = Release|Any CPU
	EndGlobalSection
EndGlobal
